// !$*UTF8*$!
{
	archiveVersion = 1;
	classes = {
	};
	objectVersion = 46;
	objects = {

/* Begin PBXBuildFile section */
		0382A2F01C9070C30073D1CB /* AppDelegate.swift in Sources */ = {isa = PBXBuildFile; fileRef = 0382A2EF1C9070C30073D1CB /* AppDelegate.swift */; };
		0382A2F21C9070C30073D1CB /* ViewController.swift in Sources */ = {isa = PBXBuildFile; fileRef = 0382A2F11C9070C30073D1CB /* ViewController.swift */; };
		0382A2F51C9070C30073D1CB /* Main.storyboard in Resources */ = {isa = PBXBuildFile; fileRef = 0382A2F31C9070C30073D1CB /* Main.storyboard */; };
		0382A2F71C9070C30073D1CB /* Assets.xcassets in Resources */ = {isa = PBXBuildFile; fileRef = 0382A2F61C9070C30073D1CB /* Assets.xcassets */; };
		0382A2FA1C9070C30073D1CB /* LaunchScreen.storyboard in Resources */ = {isa = PBXBuildFile; fileRef = 0382A2F81C9070C30073D1CB /* LaunchScreen.storyboard */; };
		0382A3051C9070C30073D1CB /* HushTests.swift in Sources */ = {isa = PBXBuildFile; fileRef = 0382A3041C9070C30073D1CB /* HushTests.swift */; };
		0382A3101C9070C30073D1CB /* HushUITests.swift in Sources */ = {isa = PBXBuildFile; fileRef = 0382A30F1C9070C30073D1CB /* HushUITests.swift */; };
/* End PBXBuildFile section */

/* Begin PBXContainerItemProxy section */
		0382A3011C9070C30073D1CB /* PBXContainerItemProxy */ = {
			isa = PBXContainerItemProxy;
			containerPortal = 0382A2E41C9070C30073D1CB /* Project object */;
			proxyType = 1;
			remoteGlobalIDString = 0382A2EB1C9070C30073D1CB;
			remoteInfo = Hush;
		};
		0382A30C1C9070C30073D1CB /* PBXContainerItemProxy */ = {
			isa = PBXContainerItemProxy;
			containerPortal = 0382A2E41C9070C30073D1CB /* Project object */;
			proxyType = 1;
			remoteGlobalIDString = 0382A2EB1C9070C30073D1CB;
			remoteInfo = Hush;
		};
/* End PBXContainerItemProxy section */

/* Begin PBXFileReference section */
		0382A2EC1C9070C30073D1CB /* Hush.app */ = {isa = PBXFileReference; explicitFileType = wrapper.application; includeInIndex = 0; path = Hush.app; sourceTree = BUILT_PRODUCTS_DIR; };
		0382A2EF1C9070C30073D1CB /* AppDelegate.swift */ = {isa = PBXFileReference; lastKnownFileType = sourcecode.swift; path = AppDelegate.swift; sourceTree = "<group>"; };
		0382A2F11C9070C30073D1CB /* ViewController.swift */ = {isa = PBXFileReference; lastKnownFileType = sourcecode.swift; path = ViewController.swift; sourceTree = "<group>"; };
		0382A2F41C9070C30073D1CB /* Base */ = {isa = PBXFileReference; lastKnownFileType = file.storyboard; name = Base; path = Base.lproj/Main.storyboard; sourceTree = "<group>"; };
		0382A2F61C9070C30073D1CB /* Assets.xcassets */ = {isa = PBXFileReference; lastKnownFileType = folder.assetcatalog; path = Assets.xcassets; sourceTree = "<group>"; };
		0382A2F91C9070C30073D1CB /* Base */ = {isa = PBXFileReference; lastKnownFileType = file.storyboard; name = Base; path = Base.lproj/LaunchScreen.storyboard; sourceTree = "<group>"; };
		0382A2FB1C9070C30073D1CB /* Info.plist */ = {isa = PBXFileReference; lastKnownFileType = text.plist.xml; path = Info.plist; sourceTree = "<group>"; };
		0382A3001C9070C30073D1CB /* HushTests.xctest */ = {isa = PBXFileReference; explicitFileType = wrapper.cfbundle; includeInIndex = 0; path = HushTests.xctest; sourceTree = BUILT_PRODUCTS_DIR; };
		0382A3041C9070C30073D1CB /* HushTests.swift */ = {isa = PBXFileReference; lastKnownFileType = sourcecode.swift; path = HushTests.swift; sourceTree = "<group>"; };
		0382A3061C9070C30073D1CB /* Info.plist */ = {isa = PBXFileReference; lastKnownFileType = text.plist.xml; path = Info.plist; sourceTree = "<group>"; };
		0382A30B1C9070C30073D1CB /* HushUITests.xctest */ = {isa = PBXFileReference; explicitFileType = wrapper.cfbundle; includeInIndex = 0; path = HushUITests.xctest; sourceTree = BUILT_PRODUCTS_DIR; };
		0382A30F1C9070C30073D1CB /* HushUITests.swift */ = {isa = PBXFileReference; lastKnownFileType = sourcecode.swift; path = HushUITests.swift; sourceTree = "<group>"; };
		0382A3111C9070C30073D1CB /* Info.plist */ = {isa = PBXFileReference; lastKnownFileType = text.plist.xml; path = Info.plist; sourceTree = "<group>"; };
/* End PBXFileReference section */

/* Begin PBXFrameworksBuildPhase section */
		0382A2E91C9070C30073D1CB /* Frameworks */ = {
			isa = PBXFrameworksBuildPhase;
			buildActionMask = 2147483647;
			files = (
			);
			runOnlyForDeploymentPostprocessing = 0;
		};
		0382A2FD1C9070C30073D1CB /* Frameworks */ = {
			isa = PBXFrameworksBuildPhase;
			buildActionMask = 2147483647;
			files = (
			);
			runOnlyForDeploymentPostprocessing = 0;
		};
		0382A3081C9070C30073D1CB /* Frameworks */ = {
			isa = PBXFrameworksBuildPhase;
			buildActionMask = 2147483647;
			files = (
			);
			runOnlyForDeploymentPostprocessing = 0;
		};
/* End PBXFrameworksBuildPhase section */

/* Begin PBXGroup section */
		0382A2E31C9070C30073D1CB = {
			isa = PBXGroup;
			children = (
				0382A2EE1C9070C30073D1CB /* Hush */,
				0382A3031C9070C30073D1CB /* HushTests */,
				0382A30E1C9070C30073D1CB /* HushUITests */,
				0382A2ED1C9070C30073D1CB /* Products */,
			);
			sourceTree = "<group>";
		};
		0382A2ED1C9070C30073D1CB /* Products */ = {
			isa = PBXGroup;
			children = (
				0382A2EC1C9070C30073D1CB /* Hush.app */,
				0382A3001C9070C30073D1CB /* HushTests.xctest */,
				0382A30B1C9070C30073D1CB /* HushUITests.xctest */,
			);
			name = Products;
			sourceTree = "<group>";
		};
		0382A2EE1C9070C30073D1CB /* Hush */ = {
			isa = PBXGroup;
			children = (
				0382A2EF1C9070C30073D1CB /* AppDelegate.swift */,
				0382A2F11C9070C30073D1CB /* ViewController.swift */,
				0382A2F31C9070C30073D1CB /* Main.storyboard */,
				0382A2F61C9070C30073D1CB /* Assets.xcassets */,
				0382A2F81C9070C30073D1CB /* LaunchScreen.storyboard */,
				0382A2FB1C9070C30073D1CB /* Info.plist */,
			);
			path = Hush;
			sourceTree = "<group>";
		};
		0382A3031C9070C30073D1CB /* HushTests */ = {
			isa = PBXGroup;
			children = (
				0382A3041C9070C30073D1CB /* HushTests.swift */,
				0382A3061C9070C30073D1CB /* Info.plist */,
			);
			path = HushTests;
			sourceTree = "<group>";
		};
		0382A30E1C9070C30073D1CB /* HushUITests */ = {
			isa = PBXGroup;
			children = (
				0382A30F1C9070C30073D1CB /* HushUITests.swift */,
				0382A3111C9070C30073D1CB /* Info.plist */,
			);
			path = HushUITests;
			sourceTree = "<group>";
		};
/* End PBXGroup section */

/* Begin PBXNativeTarget section */
		0382A2EB1C9070C30073D1CB /* Hush */ = {
			isa = PBXNativeTarget;
			buildConfigurationList = 0382A3141C9070C30073D1CB /* Build configuration list for PBXNativeTarget "Hush" */;
			buildPhases = (
				0382A2E81C9070C30073D1CB /* Sources */,
				0382A2E91C9070C30073D1CB /* Frameworks */,
				0382A2EA1C9070C30073D1CB /* Resources */,
			);
			buildRules = (
			);
			dependencies = (
			);
			name = Hush;
			productName = Hush;
			productReference = 0382A2EC1C9070C30073D1CB /* Hush.app */;
			productType = "com.apple.product-type.application";
		};
		0382A2FF1C9070C30073D1CB /* HushTests */ = {
			isa = PBXNativeTarget;
			buildConfigurationList = 0382A3171C9070C30073D1CB /* Build configuration list for PBXNativeTarget "HushTests" */;
			buildPhases = (
				0382A2FC1C9070C30073D1CB /* Sources */,
				0382A2FD1C9070C30073D1CB /* Frameworks */,
				0382A2FE1C9070C30073D1CB /* Resources */,
			);
			buildRules = (
			);
			dependencies = (
				0382A3021C9070C30073D1CB /* PBXTargetDependency */,
			);
			name = HushTests;
			productName = HushTests;
			productReference = 0382A3001C9070C30073D1CB /* HushTests.xctest */;
			productType = "com.apple.product-type.bundle.unit-test";
		};
		0382A30A1C9070C30073D1CB /* HushUITests */ = {
			isa = PBXNativeTarget;
			buildConfigurationList = 0382A31A1C9070C30073D1CB /* Build configuration list for PBXNativeTarget "HushUITests" */;
			buildPhases = (
				0382A3071C9070C30073D1CB /* Sources */,
				0382A3081C9070C30073D1CB /* Frameworks */,
				0382A3091C9070C30073D1CB /* Resources */,
			);
			buildRules = (
			);
			dependencies = (
				0382A30D1C9070C30073D1CB /* PBXTargetDependency */,
			);
			name = HushUITests;
			productName = HushUITests;
			productReference = 0382A30B1C9070C30073D1CB /* HushUITests.xctest */;
			productType = "com.apple.product-type.bundle.ui-testing";
		};
/* End PBXNativeTarget section */

/* Begin PBXProject section */
		0382A2E41C9070C30073D1CB /* Project object */ = {
			isa = PBXProject;
			attributes = {
				LastSwiftUpdateCheck = 0720;
				LastUpgradeCheck = 0720;
				ORGANIZATIONNAME = sizeof.io;
				TargetAttributes = {
					0382A2EB1C9070C30073D1CB = {
						CreatedOnToolsVersion = 7.2.1;
					};
					0382A2FF1C9070C30073D1CB = {
						CreatedOnToolsVersion = 7.2.1;
						TestTargetID = 0382A2EB1C9070C30073D1CB;
					};
					0382A30A1C9070C30073D1CB = {
						CreatedOnToolsVersion = 7.2.1;
						TestTargetID = 0382A2EB1C9070C30073D1CB;
					};
				};
			};
			buildConfigurationList = 0382A2E71C9070C30073D1CB /* Build configuration list for PBXProject "Hush" */;
			compatibilityVersion = "Xcode 3.2";
			developmentRegion = English;
			hasScannedForEncodings = 0;
			knownRegions = (
				en,
				Base,
			);
			mainGroup = 0382A2E31C9070C30073D1CB;
			productRefGroup = 0382A2ED1C9070C30073D1CB /* Products */;
			projectDirPath = "";
			projectRoot = "";
			targets = (
				0382A2EB1C9070C30073D1CB /* Hush */,
				0382A2FF1C9070C30073D1CB /* HushTests */,
				0382A30A1C9070C30073D1CB /* HushUITests */,
			);
		};
/* End PBXProject section */

/* Begin PBXResourcesBuildPhase section */
		0382A2EA1C9070C30073D1CB /* Resources */ = {
			isa = PBXResourcesBuildPhase;
			buildActionMask = 2147483647;
			files = (
				0382A2FA1C9070C30073D1CB /* LaunchScreen.storyboard in Resources */,
				0382A2F71C9070C30073D1CB /* Assets.xcassets in Resources */,
				0382A2F51C9070C30073D1CB /* Main.storyboard in Resources */,
			);
			runOnlyForDeploymentPostprocessing = 0;
		};
		0382A2FE1C9070C30073D1CB /* Resources */ = {
			isa = PBXResourcesBuildPhase;
			buildActionMask = 2147483647;
			files = (
			);
			runOnlyForDeploymentPostprocessing = 0;
		};
		0382A3091C9070C30073D1CB /* Resources */ = {
			isa = PBXResourcesBuildPhase;
			buildActionMask = 2147483647;
			files = (
			);
			runOnlyForDeploymentPostprocessing = 0;
		};
/* End PBXResourcesBuildPhase section */

/* Begin PBXSourcesBuildPhase section */
		0382A2E81C9070C30073D1CB /* Sources */ = {
			isa = PBXSourcesBuildPhase;
			buildActionMask = 2147483647;
			files = (
				0382A2F21C9070C30073D1CB /* ViewController.swift in Sources */,
				0382A2F01C9070C30073D1CB /* AppDelegate.swift in Sources */,
			);
			runOnlyForDeploymentPostprocessing = 0;
		};
		0382A2FC1C9070C30073D1CB /* Sources */ = {
			isa = PBXSourcesBuildPhase;
			buildActionMask = 2147483647;
			files = (
				0382A3051C9070C30073D1CB /* HushTests.swift in Sources */,
			);
			runOnlyForDeploymentPostprocessing = 0;
		};
		0382A3071C9070C30073D1CB /* Sources */ = {
			isa = PBXSourcesBuildPhase;
			buildActionMask = 2147483647;
			files = (
				0382A3101C9070C30073D1CB /* HushUITests.swift in Sources */,
			);
			runOnlyForDeploymentPostprocessing = 0;
		};
/* End PBXSourcesBuildPhase section */

/* Begin PBXTargetDependency section */
		0382A3021C9070C30073D1CB /* PBXTargetDependency */ = {
			isa = PBXTargetDependency;
			target = 0382A2EB1C9070C30073D1CB /* Hush */;
			targetProxy = 0382A3011C9070C30073D1CB /* PBXContainerItemProxy */;
		};
		0382A30D1C9070C30073D1CB /* PBXTargetDependency */ = {
			isa = PBXTargetDependency;
			target = 0382A2EB1C9070C30073D1CB /* Hush */;
			targetProxy = 0382A30C1C9070C30073D1CB /* PBXContainerItemProxy */;
		};
/* End PBXTargetDependency section */

/* Begin PBXVariantGroup section */
		0382A2F31C9070C30073D1CB /* Main.storyboard */ = {
			isa = PBXVariantGroup;
			children = (
				0382A2F41C9070C30073D1CB /* Base */,
			);
			name = Main.storyboard;
			sourceTree = "<group>";
		};
		0382A2F81C9070C30073D1CB /* LaunchScreen.storyboard */ = {
			isa = PBXVariantGroup;
			children = (
				0382A2F91C9070C30073D1CB /* Base */,
			);
			name = LaunchScreen.storyboard;
			sourceTree = "<group>";
		};
/* End PBXVariantGroup section */

/* Begin XCBuildConfiguration section */
		0382A3121C9070C30073D1CB /* Debug */ = {
			isa = XCBuildConfiguration;
			buildSettings = {
				ALWAYS_SEARCH_USER_PATHS = NO;
				CLANG_CXX_LANGUAGE_STANDARD = "gnu++0x";
				CLANG_CXX_LIBRARY = "libc++";
				CLANG_ENABLE_MODULES = YES;
				CLANG_ENABLE_OBJC_ARC = YES;
				CLANG_WARN_BOOL_CONVERSION = YES;
				CLANG_WARN_CONSTANT_CONVERSION = YES;
				CLANG_WARN_DIRECT_OBJC_ISA_USAGE = YES_ERROR;
				CLANG_WARN_EMPTY_BODY = YES;
				CLANG_WARN_ENUM_CONVERSION = YES;
				CLANG_WARN_INT_CONVERSION = YES;
				CLANG_WARN_OBJC_ROOT_CLASS = YES_ERROR;
				CLANG_WARN_UNREACHABLE_CODE = YES;
				CLANG_WARN__DUPLICATE_METHOD_MATCH = YES;
				"CODE_SIGN_IDENTITY[sdk=iphoneos*]" = "iPhone Developer";
				COPY_PHASE_STRIP = NO;
				DEBUG_INFORMATION_FORMAT = dwarf;
				ENABLE_STRICT_OBJC_MSGSEND = YES;
				ENABLE_TESTABILITY = YES;
				GCC_C_LANGUAGE_STANDARD = gnu99;
				GCC_DYNAMIC_NO_PIC = NO;
				GCC_NO_COMMON_BLOCKS = YES;
				GCC_OPTIMIZATION_LEVEL = 0;
				GCC_PREPROCESSOR_DEFINITIONS = (
					"DEBUG=1",
					"$(inherited)",
				);
				GCC_WARN_64_TO_32_BIT_CONVERSION = YES;
				GCC_WARN_ABOUT_RETURN_TYPE = YES_ERROR;
				GCC_WARN_UNDECLARED_SELECTOR = YES;
				GCC_WARN_UNINITIALIZED_AUTOS = YES_AGGRESSIVE;
				GCC_WARN_UNUSED_FUNCTION = YES;
				GCC_WARN_UNUSED_VARIABLE = YES;
				IPHONEOS_DEPLOYMENT_TARGET = 9.2;
				MTL_ENABLE_DEBUG_INFO = YES;
				ONLY_ACTIVE_ARCH = YES;
				SDKROOT = iphoneos;
				SWIFT_OPTIMIZATION_LEVEL = "-Onone";
			};
			name = Debug;
		};
		0382A3131C9070C30073D1CB /* Release */ = {
			isa = XCBuildConfiguration;
			buildSettings = {
				ALWAYS_SEARCH_USER_PATHS = NO;
				CLANG_CXX_LANGUAGE_STANDARD = "gnu++0x";
				CLANG_CXX_LIBRARY = "libc++";
				CLANG_ENABLE_MODULES = YES;
				CLANG_ENABLE_OBJC_ARC = YES;
				CLANG_WARN_BOOL_CONVERSION = YES;
				CLANG_WARN_CONSTANT_CONVERSION = YES;
				CLANG_WARN_DIRECT_OBJC_ISA_USAGE = YES_ERROR;
				CLANG_WARN_EMPTY_BODY = YES;
				CLANG_WARN_ENUM_CONVERSION = YES;
				CLANG_WARN_INT_CONVERSION = YES;
				CLANG_WARN_OBJC_ROOT_CLASS = YES_ERROR;
				CLANG_WARN_UNREACHABLE_CODE = YES;
				CLANG_WARN__DUPLICATE_METHOD_MATCH = YES;
				"CODE_SIGN_IDENTITY[sdk=iphoneos*]" = "iPhone Developer";
				COPY_PHASE_STRIP = NO;
				DEBUG_INFORMATION_FORMAT = "dwarf-with-dsym";
				ENABLE_NS_ASSERTIONS = NO;
				ENABLE_STRICT_OBJC_MSGSEND = YES;
				GCC_C_LANGUAGE_STANDARD = gnu99;
				GCC_NO_COMMON_BLOCKS = YES;
				GCC_WARN_64_TO_32_BIT_CONVERSION = YES;
				GCC_WARN_ABOUT_RETURN_TYPE = YES_ERROR;
				GCC_WARN_UNDECLARED_SELECTOR = YES;
				GCC_WARN_UNINITIALIZED_AUTOS = YES_AGGRESSIVE;
				GCC_WARN_UNUSED_FUNCTION = YES;
				GCC_WARN_UNUSED_VARIABLE = YES;
				IPHONEOS_DEPLOYMENT_TARGET = 9.2;
				MTL_ENABLE_DEBUG_INFO = NO;
				SDKROOT = iphoneos;
				VALIDATE_PRODUCT = YES;
			};
			name = Release;
		};
		0382A3151C9070C30073D1CB /* Debug */ = {
			isa = XCBuildConfiguration;
			buildSettings = {
				ASSETCATALOG_COMPILER_APPICON_NAME = AppIcon;
				INFOPLIST_FILE = Hush/Info.plist;
				LD_RUNPATH_SEARCH_PATHS = "$(inherited) @executable_path/Frameworks";
				PRODUCT_BUNDLE_IDENTIFIER = io.sizeof.Hush;
				PRODUCT_NAME = "$(TARGET_NAME)";
			};
			name = Debug;
		};
		0382A3161C9070C30073D1CB /* Release */ = {
			isa = XCBuildConfiguration;
			buildSettings = {
				ASSETCATALOG_COMPILER_APPICON_NAME = AppIcon;
				INFOPLIST_FILE = Hush/Info.plist;
				LD_RUNPATH_SEARCH_PATHS = "$(inherited) @executable_path/Frameworks";
				PRODUCT_BUNDLE_IDENTIFIER = io.sizeof.Hush;
				PRODUCT_NAME = "$(TARGET_NAME)";
			};
			name = Release;
		};
		0382A3181C9070C30073D1CB /* Debug */ = {
			isa = XCBuildConfiguration;
			buildSettings = {
				BUNDLE_LOADER = "$(TEST_HOST)";
				INFOPLIST_FILE = HushTests/Info.plist;
				LD_RUNPATH_SEARCH_PATHS = "$(inherited) @executable_path/Frameworks @loader_path/Frameworks";
				PRODUCT_BUNDLE_IDENTIFIER = io.sizeof.HushTests;
				PRODUCT_NAME = "$(TARGET_NAME)";
				TEST_HOST = "$(BUILT_PRODUCTS_DIR)/Hush.app/Hush";
			};
			name = Debug;
		};
		0382A3191C9070C30073D1CB /* Release */ = {
			isa = XCBuildConfiguration;
			buildSettings = {
				BUNDLE_LOADER = "$(TEST_HOST)";
				INFOPLIST_FILE = HushTests/Info.plist;
				LD_RUNPATH_SEARCH_PATHS = "$(inherited) @executable_path/Frameworks @loader_path/Frameworks";
				PRODUCT_BUNDLE_IDENTIFIER = io.sizeof.HushTests;
				PRODUCT_NAME = "$(TARGET_NAME)";
				TEST_HOST = "$(BUILT_PRODUCTS_DIR)/Hush.app/Hush";
			};
			name = Release;
		};
		0382A31B1C9070C30073D1CB /* Debug */ = {
			isa = XCBuildConfiguration;
			buildSettings = {
				INFOPLIST_FILE = HushUITests/Info.plist;
				LD_RUNPATH_SEARCH_PATHS = "$(inherited) @executable_path/Frameworks @loader_path/Frameworks";
				PRODUCT_BUNDLE_IDENTIFIER = io.sizeof.HushUITests;
				PRODUCT_NAME = "$(TARGET_NAME)";
				TEST_TARGET_NAME = Hush;
				USES_XCTRUNNER = YES;
			};
			name = Debug;
		};
		0382A31C1C9070C30073D1CB /* Release */ = {
			isa = XCBuildConfiguration;
			buildSettings = {
				INFOPLIST_FILE = HushUITests/Info.plist;
				LD_RUNPATH_SEARCH_PATHS = "$(inherited) @executable_path/Frameworks @loader_path/Frameworks";
				PRODUCT_BUNDLE_IDENTIFIER = io.sizeof.HushUITests;
				PRODUCT_NAME = "$(TARGET_NAME)";
				TEST_TARGET_NAME = Hush;
				USES_XCTRUNNER = YES;
			};
			name = Release;
		};
/* End XCBuildConfiguration section */

/* Begin XCConfigurationList section */
		0382A2E71C9070C30073D1CB /* Build configuration list for PBXProject "Hush" */ = {
			isa = XCConfigurationList;
			buildConfigurations = (
				0382A3121C9070C30073D1CB /* Debug */,
				0382A3131C9070C30073D1CB /* Release */,
			);
			defaultConfigurationIsVisible = 0;
			defaultConfigurationName = Release;
		};
		0382A3141C9070C30073D1CB /* Build configuration list for PBXNativeTarget "Hush" */ = {
			isa = XCConfigurationList;
			buildConfigurations = (
				0382A3151C9070C30073D1CB /* Debug */,
				0382A3161C9070C30073D1CB /* Release */,
			);
			defaultConfigurationIsVisible = 0;
		};
		0382A3171C9070C30073D1CB /* Build configuration list for PBXNativeTarget "HushTests" */ = {
			isa = XCConfigurationList;
			buildConfigurations = (
				0382A3181C9070C30073D1CB /* Debug */,
				0382A3191C9070C30073D1CB /* Release */,
			);
			defaultConfigurationIsVisible = 0;
		};
		0382A31A1C9070C30073D1CB /* Build configuration list for PBXNativeTarget "HushUITests" */ = {
			isa = XCConfigurationList;
			buildConfigurations = (
				0382A31B1C9070C30073D1CB /* Debug */,
				0382A31C1C9070C30073D1CB /* Release */,
			);
			defaultConfigurationIsVisible = 0;
		};
/* End XCConfigurationList section */
	};
	rootObject = 0382A2E41C9070C30073D1CB /* Project object */;
}
